
Microsoft Visual Studio Solution File, Format Version 12.00
# Visual Studio Version 16
VisualStudioVersion = 16.0.29025.244
MinimumVisualStudioVersion = 10.0.40219.1
Project("{FAE04EC0-301F-11D3-BF4B-00C04F79EFBC}") = "SortArrayEvens", "SortArrayEvens.csproj", "{3FF47823-5A6F-4528-B4DB-F56DBC434974}"
EndProject
Global
	GlobalSection(SolutionConfigurationPlatforms) = preSolution
		Debug|Any CPU = Debug|Any CPU
		Release|Any CPU = Release|Any CPU
	EndGlobalSection
	GlobalSection(ProjectConfigurationPlatforms) = postSolution
		{3FF47823-5A6F-4528-B4DB-F56DBC434974}.Debug|Any CPU.ActiveCfg = Debug|Any CPU
		{3FF47823-5A6F-4528-B4DB-F56DBC434974}.Debug|Any CPU.Build.0 = Debug|Any CPU
		{3FF47823-5A6F-4528-B4DB-F56DBC434974}.Release|Any CPU.ActiveCfg = Release|Any CPU
		{3FF47823-5A6F-4528-B4DB-F56DBC434974}.Release|Any CPU.Build.0 = Release|Any CPU
	EndGlobalSection
	GlobalSection(SolutionProperties) = preSolution
		HideSolutionNode = FALSE
	EndGlobalSection
	GlobalSection(ExtensibilityGlobals) = postSolution
		SolutionGuid = {56B96986-C97A-4752-868C-508D63D4E224}
	EndGlobalSection
EndGlobal
