
Microsoft Visual Studio Solution File, Format Version 12.00
# Visual Studio Version 16
VisualStudioVersion = 16.0.29025.244
MinimumVisualStudioVersion = 10.0.40219.1
Project("{FAE04EC0-301F-11D3-BF4B-00C04F79EFBC}") = "ProjectWPF13", "ProjectWPF13.csproj", "{3DD2E505-5673-4EF3-88A6-0559348CBF1C}"
EndProject
Global
	GlobalSection(SolutionConfigurationPlatforms) = preSolution
		Debug|Any CPU = Debug|Any CPU
		Release|Any CPU = Release|Any CPU
	EndGlobalSection
	GlobalSection(ProjectConfigurationPlatforms) = postSolution
		{3DD2E505-5673-4EF3-88A6-0559348CBF1C}.Debug|Any CPU.ActiveCfg = Debug|Any CPU
		{3DD2E505-5673-4EF3-88A6-0559348CBF1C}.Debug|Any CPU.Build.0 = Debug|Any CPU
		{3DD2E505-5673-4EF3-88A6-0559348CBF1C}.Release|Any CPU.ActiveCfg = Release|Any CPU
		{3DD2E505-5673-4EF3-88A6-0559348CBF1C}.Release|Any CPU.Build.0 = Release|Any CPU
	EndGlobalSection
	GlobalSection(SolutionProperties) = preSolution
		HideSolutionNode = FALSE
	EndGlobalSection
	GlobalSection(ExtensibilityGlobals) = postSolution
		SolutionGuid = {8E3D18D9-F0A0-45A3-AB80-FFE8E0CBD26E}
	EndGlobalSection
EndGlobal
