
Microsoft Visual Studio Solution File, Format Version 12.00
# Visual Studio Version 16
VisualStudioVersion = 16.0.29025.244
MinimumVisualStudioVersion = 10.0.40219.1
Project("{FAE04EC0-301F-11D3-BF4B-00C04F79EFBC}") = "ProjectWPF3", "ProjectWPF3.csproj", "{DE62BB9F-5E80-49D4-92BA-7F98BC6B5CA9}"
EndProject
Global
	GlobalSection(SolutionConfigurationPlatforms) = preSolution
		Debug|Any CPU = Debug|Any CPU
		Release|Any CPU = Release|Any CPU
	EndGlobalSection
	GlobalSection(ProjectConfigurationPlatforms) = postSolution
		{DE62BB9F-5E80-49D4-92BA-7F98BC6B5CA9}.Debug|Any CPU.ActiveCfg = Debug|Any CPU
		{DE62BB9F-5E80-49D4-92BA-7F98BC6B5CA9}.Debug|Any CPU.Build.0 = Debug|Any CPU
		{DE62BB9F-5E80-49D4-92BA-7F98BC6B5CA9}.Release|Any CPU.ActiveCfg = Release|Any CPU
		{DE62BB9F-5E80-49D4-92BA-7F98BC6B5CA9}.Release|Any CPU.Build.0 = Release|Any CPU
	EndGlobalSection
	GlobalSection(SolutionProperties) = preSolution
		HideSolutionNode = FALSE
	EndGlobalSection
	GlobalSection(ExtensibilityGlobals) = postSolution
		SolutionGuid = {18F2CAE3-85A3-4959-8B3C-8EDE13B6D348}
	EndGlobalSection
EndGlobal
