
Microsoft Visual Studio Solution File, Format Version 12.00
# Visual Studio Version 16
VisualStudioVersion = 16.0.29025.244
MinimumVisualStudioVersion = 10.0.40219.1
Project("{FAE04EC0-301F-11D3-BF4B-00C04F79EFBC}") = "ProjectWPF9", "ProjectWPF9.csproj", "{EC92BB75-9504-4767-A3D6-55F68F54E993}"
EndProject
Global
	GlobalSection(SolutionConfigurationPlatforms) = preSolution
		Debug|Any CPU = Debug|Any CPU
		Release|Any CPU = Release|Any CPU
	EndGlobalSection
	GlobalSection(ProjectConfigurationPlatforms) = postSolution
		{EC92BB75-9504-4767-A3D6-55F68F54E993}.Debug|Any CPU.ActiveCfg = Debug|Any CPU
		{EC92BB75-9504-4767-A3D6-55F68F54E993}.Debug|Any CPU.Build.0 = Debug|Any CPU
		{EC92BB75-9504-4767-A3D6-55F68F54E993}.Release|Any CPU.ActiveCfg = Release|Any CPU
		{EC92BB75-9504-4767-A3D6-55F68F54E993}.Release|Any CPU.Build.0 = Release|Any CPU
	EndGlobalSection
	GlobalSection(SolutionProperties) = preSolution
		HideSolutionNode = FALSE
	EndGlobalSection
	GlobalSection(ExtensibilityGlobals) = postSolution
		SolutionGuid = {16FA7E74-DEDD-4A5E-81C0-9F58E6FE7851}
	EndGlobalSection
EndGlobal
