
Microsoft Visual Studio Solution File, Format Version 12.00
# Visual Studio Version 16
VisualStudioVersion = 16.0.29025.244
MinimumVisualStudioVersion = 10.0.40219.1
Project("{FAE04EC0-301F-11D3-BF4B-00C04F79EFBC}") = "ProjectWPF8", "ProjectWPF8.csproj", "{35598571-4C50-4EA5-B72D-79B34FDD4B87}"
EndProject
Global
	GlobalSection(SolutionConfigurationPlatforms) = preSolution
		Debug|Any CPU = Debug|Any CPU
		Release|Any CPU = Release|Any CPU
	EndGlobalSection
	GlobalSection(ProjectConfigurationPlatforms) = postSolution
		{35598571-4C50-4EA5-B72D-79B34FDD4B87}.Debug|Any CPU.ActiveCfg = Debug|Any CPU
		{35598571-4C50-4EA5-B72D-79B34FDD4B87}.Debug|Any CPU.Build.0 = Debug|Any CPU
		{35598571-4C50-4EA5-B72D-79B34FDD4B87}.Release|Any CPU.ActiveCfg = Release|Any CPU
		{35598571-4C50-4EA5-B72D-79B34FDD4B87}.Release|Any CPU.Build.0 = Release|Any CPU
	EndGlobalSection
	GlobalSection(SolutionProperties) = preSolution
		HideSolutionNode = FALSE
	EndGlobalSection
	GlobalSection(ExtensibilityGlobals) = postSolution
		SolutionGuid = {7F6058B6-6E28-4B3A-88D3-94CDAC46298B}
	EndGlobalSection
EndGlobal
